// !$*UTF8*$!
{
	archiveVersion = 1;
	classes = {
	};
	objectVersion = 50;
	objects = {

/* Begin PBXBuildFile section */
		7846737320A44AA1004551AC /* AppDelegate.swift in Sources */ = {isa = PBXBuildFile; fileRef = 7846737220A44AA1004551AC /* AppDelegate.swift */; };
		7846737520A44AA1004551AC /* ViewController.swift in Sources */ = {isa = PBXBuildFile; fileRef = 7846737420A44AA1004551AC /* ViewController.swift */; };
		7846737820A44AA1004551AC /* Main.storyboard in Resources */ = {isa = PBXBuildFile; fileRef = 7846737620A44AA1004551AC /* Main.storyboard */; };
		7846737A20A44AA4004551AC /* Assets.xcassets in Resources */ = {isa = PBXBuildFile; fileRef = 7846737920A44AA4004551AC /* Assets.xcassets */; };
		7846737D20A44AA4004551AC /* LaunchScreen.storyboard in Resources */ = {isa = PBXBuildFile; fileRef = 7846737B20A44AA4004551AC /* LaunchScreen.storyboard */; };
		7846738920A4568D004551AC /* SignUpViewController.swift in Sources */ = {isa = PBXBuildFile; fileRef = 7846738820A4568D004551AC /* SignUpViewController.swift */; };
		7846738B20A4581A004551AC /* FBsignViewController.swift in Sources */ = {isa = PBXBuildFile; fileRef = 7846738A20A4581A004551AC /* FBsignViewController.swift */; };
/* End PBXBuildFile section */

/* Begin PBXFileReference section */
		7846736F20A44AA1004551AC /* Swaggy.app */ = {isa = PBXFileReference; explicitFileType = wrapper.application; includeInIndex = 0; path = Swaggy.app; sourceTree = BUILT_PRODUCTS_DIR; };
		7846737220A44AA1004551AC /* AppDelegate.swift */ = {isa = PBXFileReference; lastKnownFileType = sourcecode.swift; path = AppDelegate.swift; sourceTree = "<group>"; };
		7846737420A44AA1004551AC /* ViewController.swift */ = {isa = PBXFileReference; lastKnownFileType = sourcecode.swift; path = ViewController.swift; sourceTree = "<group>"; };
		7846737720A44AA1004551AC /* Base */ = {isa = PBXFileReference; lastKnownFileType = file.storyboard; name = Base; path = Base.lproj/Main.storyboard; sourceTree = "<group>"; };
		7846737920A44AA4004551AC /* Assets.xcassets */ = {isa = PBXFileReference; lastKnownFileType = folder.assetcatalog; path = Assets.xcassets; sourceTree = "<group>"; };
		7846737C20A44AA4004551AC /* Base */ = {isa = PBXFileReference; lastKnownFileType = file.storyboard; name = Base; path = Base.lproj/LaunchScreen.storyboard; sourceTree = "<group>"; };
		7846737E20A44AA4004551AC /* Info.plist */ = {isa = PBXFileReference; lastKnownFileType = text.plist.xml; path = Info.plist; sourceTree = "<group>"; };
		7846738820A4568D004551AC /* SignUpViewController.swift */ = {isa = PBXFileReference; lastKnownFileType = sourcecode.swift; name = SignUpViewController.swift; path = Swaggy/Controller/SignUpViewController.swift; sourceTree = SOURCE_ROOT; };
		7846738A20A4581A004551AC /* FBsignViewController.swift */ = {isa = PBXFileReference; lastKnownFileType = sourcecode.swift; path = FBsignViewController.swift; sourceTree = "<group>"; };
/* End PBXFileReference section */

/* Begin PBXFrameworksBuildPhase section */
		7846736C20A44AA1004551AC /* Frameworks */ = {
			isa = PBXFrameworksBuildPhase;
			buildActionMask = 2147483647;
			files = (
			);
			runOnlyForDeploymentPostprocessing = 0;
		};
/* End PBXFrameworksBuildPhase section */

/* Begin PBXGroup section */
		7846736620A44AA1004551AC = {
			isa = PBXGroup;
			children = (
				7846737120A44AA1004551AC /* Swaggy */,
				7846737020A44AA1004551AC /* Products */,
			);
			sourceTree = "<group>";
		};
		7846737020A44AA1004551AC /* Products */ = {
			isa = PBXGroup;
			children = (
				7846736F20A44AA1004551AC /* Swaggy.app */,
			);
			name = Products;
			sourceTree = "<group>";
		};
		7846737120A44AA1004551AC /* Swaggy */ = {
			isa = PBXGroup;
			children = (
				7846738720A44C14004551AC /* Model */,
				7846738620A44C11004551AC /* Controller */,
				7846738520A44C0E004551AC /* View */,
				7846738420A44C03004551AC /* Supporting Files */,
				7846737E20A44AA4004551AC /* Info.plist */,
			);
			path = Swaggy;
			sourceTree = "<group>";
		};
		7846738420A44C03004551AC /* Supporting Files */ = {
			isa = PBXGroup;
			children = (
			);
			path = "Supporting Files";
			sourceTree = "<group>";
		};
		7846738520A44C0E004551AC /* View */ = {
			isa = PBXGroup;
			children = (
				7846737620A44AA1004551AC /* Main.storyboard */,
				7846737920A44AA4004551AC /* Assets.xcassets */,
				7846737B20A44AA4004551AC /* LaunchScreen.storyboard */,
			);
			path = View;
			sourceTree = "<group>";
		};
		7846738620A44C11004551AC /* Controller */ = {
			isa = PBXGroup;
			children = (
				7846738820A4568D004551AC /* SignUpViewController.swift */,
				7846737220A44AA1004551AC /* AppDelegate.swift */,
				7846737420A44AA1004551AC /* ViewController.swift */,
				7846738A20A4581A004551AC /* FBsignViewController.swift */,
			);
			path = Controller;
			sourceTree = "<group>";
		};
		7846738720A44C14004551AC /* Model */ = {
			isa = PBXGroup;
			children = (
			);
			path = Model;
			sourceTree = "<group>";
		};
/* End PBXGroup section */

/* Begin PBXNativeTarget section */
		7846736E20A44AA1004551AC /* Swaggy */ = {
			isa = PBXNativeTarget;
			buildConfigurationList = 7846738120A44AA4004551AC /* Build configuration list for PBXNativeTarget "Swaggy" */;
			buildPhases = (
				7846736B20A44AA1004551AC /* Sources */,
				7846736C20A44AA1004551AC /* Frameworks */,
				7846736D20A44AA1004551AC /* Resources */,
			);
			buildRules = (
			);
			dependencies = (
			);
			name = Swaggy;
			productName = Swaggy;
			productReference = 7846736F20A44AA1004551AC /* Swaggy.app */;
			productType = "com.apple.product-type.application";
		};
/* End PBXNativeTarget section */

/* Begin PBXProject section */
		7846736720A44AA1004551AC /* Project object */ = {
			isa = PBXProject;
			attributes = {
				LastSwiftUpdateCheck = 0930;
				LastUpgradeCheck = 0930;
				ORGANIZATIONNAME = "Tushar Subhra Mondal";
				TargetAttributes = {
					7846736E20A44AA1004551AC = {
						CreatedOnToolsVersion = 9.3;
					};
				};
			};
			buildConfigurationList = 7846736A20A44AA1004551AC /* Build configuration list for PBXProject "Swaggy" */;
			compatibilityVersion = "Xcode 9.3";
			developmentRegion = en;
			hasScannedForEncodings = 0;
			knownRegions = (
				en,
				Base,
			);
			mainGroup = 7846736620A44AA1004551AC;
			productRefGroup = 7846737020A44AA1004551AC /* Products */;
			projectDirPath = "";
			projectRoot = "";
			targets = (
				7846736E20A44AA1004551AC /* Swaggy */,
			);
		};
/* End PBXProject section */

/* Begin PBXResourcesBuildPhase section */
		7846736D20A44AA1004551AC /* Resources */ = {
			isa = PBXResourcesBuildPhase;
			buildActionMask = 2147483647;
			files = (
				7846737D20A44AA4004551AC /* LaunchScreen.storyboard in Resources */,
				7846737A20A44AA4004551AC /* Assets.xcassets in Resources */,
				7846737820A44AA1004551AC /* Main.storyboard in Resources */,
			);
			runOnlyForDeploymentPostprocessing = 0;
		};
/* End PBXResourcesBuildPhase section */

/* Begin PBXSourcesBuildPhase section */
		7846736B20A44AA1004551AC /* Sources */ = {
			isa = PBXSourcesBuildPhase;
			buildActionMask = 2147483647;
			files = (
				7846738920A4568D004551AC /* SignUpViewController.swift in Sources */,
				7846738B20A4581A004551AC /* FBsignViewController.swift in Sources */,
				7846737520A44AA1004551AC /* ViewController.swift in Sources */,
				7846737320A44AA1004551AC /* AppDelegate.swift in Sources */,
			);
			runOnlyForDeploymentPostprocessing = 0;
		};
/* End PBXSourcesBuildPhase section */

/* Begin PBXVariantGroup section */
		7846737620A44AA1004551AC /* Main.storyboard */ = {
			isa = PBXVariantGroup;
			children = (
				7846737720A44AA1004551AC /* Base */,
			);
			name = Main.storyboard;
			sourceTree = "<group>";
		};
		7846737B20A44AA4004551AC /* LaunchScreen.storyboard */ = {
			isa = PBXVariantGroup;
			children = (
				7846737C20A44AA4004551AC /* Base */,
			);
			name = LaunchScreen.storyboard;
			sourceTree = "<group>";
		};
/* End PBXVariantGroup section */

/* Begin XCBuildConfiguration section */
		7846737F20A44AA4004551AC /* Debug */ = {
			isa = XCBuildConfiguration;
			buildSettings = {
				ALWAYS_SEARCH_USER_PATHS = NO;
				CLANG_ANALYZER_NONNULL = YES;
				CLANG_ANALYZER_NUMBER_OBJECT_CONVERSION = YES_AGGRESSIVE;
				CLANG_CXX_LANGUAGE_STANDARD = "gnu++14";
				CLANG_CXX_LIBRARY = "libc++";
				CLANG_ENABLE_MODULES = YES;
				CLANG_ENABLE_OBJC_ARC = YES;
				CLANG_ENABLE_OBJC_WEAK = YES;
				CLANG_WARN_BLOCK_CAPTURE_AUTORELEASING = YES;
				CLANG_WARN_BOOL_CONVERSION = YES;
				CLANG_WARN_COMMA = YES;
				CLANG_WARN_CONSTANT_CONVERSION = YES;
				CLANG_WARN_DEPRECATED_OBJC_IMPLEMENTATIONS = YES;
				CLANG_WARN_DIRECT_OBJC_ISA_USAGE = YES_ERROR;
				CLANG_WARN_DOCUMENTATION_COMMENTS = YES;
				CLANG_WARN_EMPTY_BODY = YES;
				CLANG_WARN_ENUM_CONVERSION = YES;
				CLANG_WARN_INFINITE_RECURSION = YES;
				CLANG_WARN_INT_CONVERSION = YES;
				CLANG_WARN_NON_LITERAL_NULL_CONVERSION = YES;
				CLANG_WARN_OBJC_IMPLICIT_RETAIN_SELF = YES;
				CLANG_WARN_OBJC_LITERAL_CONVERSION = YES;
				CLANG_WARN_OBJC_ROOT_CLASS = YES_ERROR;
				CLANG_WARN_RANGE_LOOP_ANALYSIS = YES;
				CLANG_WARN_STRICT_PROTOTYPES = YES;
				CLANG_WARN_SUSPICIOUS_MOVE = YES;
				CLANG_WARN_UNGUARDED_AVAILABILITY = YES_AGGRESSIVE;
				CLANG_WARN_UNREACHABLE_CODE = YES;
				CLANG_WARN__DUPLICATE_METHOD_MATCH = YES;
				CODE_SIGN_IDENTITY = "iPhone Developer";
				COPY_PHASE_STRIP = NO;
				DEBUG_INFORMATION_FORMAT = dwarf;
				ENABLE_STRICT_OBJC_MSGSEND = YES;
				ENABLE_TESTABILITY = YES;
				GCC_C_LANGUAGE_STANDARD = gnu11;
				GCC_DYNAMIC_NO_PIC = NO;
				GCC_NO_COMMON_BLOCKS = YES;
				GCC_OPTIMIZATION_LEVEL = 0;
				GCC_PREPROCESSOR_DEFINITIONS = (
					"DEBUG=1",
					"$(inherited)",
				);
				GCC_WARN_64_TO_32_BIT_CONVERSION = YES;
				GCC_WARN_ABOUT_RETURN_TYPE = YES_ERROR;
				GCC_WARN_UNDECLARED_SELECTOR = YES;
				GCC_WARN_UNINITIALIZED_AUTOS = YES_AGGRESSIVE;
				GCC_WARN_UNUSED_FUNCTION = YES;
				GCC_WARN_UNUSED_VARIABLE = YES;
				IPHONEOS_DEPLOYMENT_TARGET = 11.3;
				MTL_ENABLE_DEBUG_INFO = YES;
				ONLY_ACTIVE_ARCH = YES;
				SDKROOT = iphoneos;
				SWIFT_ACTIVE_COMPILATION_CONDITIONS = DEBUG;
				SWIFT_OPTIMIZATION_LEVEL = "-Onone";
			};
			name = Debug;
		};
		7846738020A44AA4004551AC /* Release */ = {
			isa = XCBuildConfiguration;
			buildSettings = {
				ALWAYS_SEARCH_USER_PATHS = NO;
				CLANG_ANALYZER_NONNULL = YES;
				CLANG_ANALYZER_NUMBER_OBJECT_CONVERSION = YES_AGGRESSIVE;
				CLANG_CXX_LANGUAGE_STANDARD = "gnu++14";
				CLANG_CXX_LIBRARY = "libc++";
				CLANG_ENABLE_MODULES = YES;
				CLANG_ENABLE_OBJC_ARC = YES;
				CLANG_ENABLE_OBJC_WEAK = YES;
				CLANG_WARN_BLOCK_CAPTURE_AUTORELEASING = YES;
				CLANG_WARN_BOOL_CONVERSION = YES;
				CLANG_WARN_COMMA = YES;
				CLANG_WARN_CONSTANT_CONVERSION = YES;
				CLANG_WARN_DEPRECATED_OBJC_IMPLEMENTATIONS = YES;
				CLANG_WARN_DIRECT_OBJC_ISA_USAGE = YES_ERROR;
				CLANG_WARN_DOCUMENTATION_COMMENTS = YES;
				CLANG_WARN_EMPTY_BODY = YES;
				CLANG_WARN_ENUM_CONVERSION = YES;
				CLANG_WARN_INFINITE_RECURSION = YES;
				CLANG_WARN_INT_CONVERSION = YES;
				CLANG_WARN_NON_LITERAL_NULL_CONVERSION = YES;
				CLANG_WARN_OBJC_IMPLICIT_RETAIN_SELF = YES;
				CLANG_WARN_OBJC_LITERAL_CONVERSION = YES;
				CLANG_WARN_OBJC_ROOT_CLASS = YES_ERROR;
				CLANG_WARN_RANGE_LOOP_ANALYSIS = YES;
				CLANG_WARN_STRICT_PROTOTYPES = YES;
				CLANG_WARN_SUSPICIOUS_MOVE = YES;
				CLANG_WARN_UNGUARDED_AVAILABILITY = YES_AGGRESSIVE;
				CLANG_WARN_UNREACHABLE_CODE = YES;
				CLANG_WARN__DUPLICATE_METHOD_MATCH = YES;
				CODE_SIGN_IDENTITY = "iPhone Developer";
				COPY_PHASE_STRIP = NO;
				DEBUG_INFORMATION_FORMAT = "dwarf-with-dsym";
				ENABLE_NS_ASSERTIONS = NO;
				ENABLE_STRICT_OBJC_MSGSEND = YES;
				GCC_C_LANGUAGE_STANDARD = gnu11;
				GCC_NO_COMMON_BLOCKS = YES;
				GCC_WARN_64_TO_32_BIT_CONVERSION = YES;
				GCC_WARN_ABOUT_RETURN_TYPE = YES_ERROR;
				GCC_WARN_UNDECLARED_SELECTOR = YES;
				GCC_WARN_UNINITIALIZED_AUTOS = YES_AGGRESSIVE;
				GCC_WARN_UNUSED_FUNCTION = YES;
				GCC_WARN_UNUSED_VARIABLE = YES;
				IPHONEOS_DEPLOYMENT_TARGET = 11.3;
				MTL_ENABLE_DEBUG_INFO = NO;
				SDKROOT = iphoneos;
				SWIFT_COMPILATION_MODE = wholemodule;
				SWIFT_OPTIMIZATION_LEVEL = "-O";
				VALIDATE_PRODUCT = YES;
			};
			name = Release;
		};
		7846738220A44AA4004551AC /* Debug */ = {
			isa = XCBuildConfiguration;
			buildSettings = {
				ASSETCATALOG_COMPILER_APPICON_NAME = AppIcon;
				CODE_SIGN_STYLE = Automatic;
				DEVELOPMENT_TEAM = B32285PPSW;
				INFOPLIST_FILE = Swaggy/Info.plist;
				LD_RUNPATH_SEARCH_PATHS = (
					"$(inherited)",
					"@executable_path/Frameworks",
				);
				PRODUCT_BUNDLE_IDENTIFIER = prr.Swaggy;
				PRODUCT_NAME = "$(TARGET_NAME)";
				SWIFT_VERSION = 4.0;
				TARGETED_DEVICE_FAMILY = "1,2";
			};
			name = Debug;
		};
		7846738320A44AA4004551AC /* Release */ = {
			isa = XCBuildConfiguration;
			buildSettings = {
				ASSETCATALOG_COMPILER_APPICON_NAME = AppIcon;
				CODE_SIGN_STYLE = Automatic;
				DEVELOPMENT_TEAM = B32285PPSW;
				INFOPLIST_FILE = Swaggy/Info.plist;
				LD_RUNPATH_SEARCH_PATHS = (
					"$(inherited)",
					"@executable_path/Frameworks",
				);
				PRODUCT_BUNDLE_IDENTIFIER = prr.Swaggy;
				PRODUCT_NAME = "$(TARGET_NAME)";
				SWIFT_VERSION = 4.0;
				TARGETED_DEVICE_FAMILY = "1,2";
			};
			name = Release;
		};
/* End XCBuildConfiguration section */

/* Begin XCConfigurationList section */
		7846736A20A44AA1004551AC /* Build configuration list for PBXProject "Swaggy" */ = {
			isa = XCConfigurationList;
			buildConfigurations = (
				7846737F20A44AA4004551AC /* Debug */,
				7846738020A44AA4004551AC /* Release */,
			);
			defaultConfigurationIsVisible = 0;
			defaultConfigurationName = Release;
		};
		7846738120A44AA4004551AC /* Build configuration list for PBXNativeTarget "Swaggy" */ = {
			isa = XCConfigurationList;
			buildConfigurations = (
				7846738220A44AA4004551AC /* Debug */,
				7846738320A44AA4004551AC /* Release */,
			);
			defaultConfigurationIsVisible = 0;
			defaultConfigurationName = Release;
		};
/* End XCConfigurationList section */
	};
	rootObject = 7846736720A44AA1004551AC /* Project object */;
}
